
Microsoft Visual Studio Solution File, Format Version 12.00
# Visual Studio Version 17
VisualStudioVersion = 17.4.33213.308
MinimumVisualStudioVersion = 10.0.40219.1
Project("{FAE04EC0-301F-11D3-BF4B-00C04F79EFBC}") = "Домашня робота", "Домашня робота.csproj", "{02010EB1-7500-43FF-B071-3885ADDA10E3}"
EndProject
Global
	GlobalSection(SolutionConfigurationPlatforms) = preSolution
		Debug|Any CPU = Debug|Any CPU
		Release|Any CPU = Release|Any CPU
	EndGlobalSection
	GlobalSection(ProjectConfigurationPlatforms) = postSolution
		{02010EB1-7500-43FF-B071-3885ADDA10E3}.Debug|Any CPU.ActiveCfg = Debug|Any CPU
		{02010EB1-7500-43FF-B071-3885ADDA10E3}.Debug|Any CPU.Build.0 = Debug|Any CPU
		{02010EB1-7500-43FF-B071-3885ADDA10E3}.Release|Any CPU.ActiveCfg = Release|Any CPU
		{02010EB1-7500-43FF-B071-3885ADDA10E3}.Release|Any CPU.Build.0 = Release|Any CPU
	EndGlobalSection
	GlobalSection(SolutionProperties) = preSolution
		HideSolutionNode = FALSE
	EndGlobalSection
	GlobalSection(ExtensibilityGlobals) = postSolution
		SolutionGuid = {FD074101-D442-42C1-AF5A-E9908DD5C4C0}
	EndGlobalSection
EndGlobal
